
Microsoft Visual Studio Solution File, Format Version 12.00
# Visual Studio Version 17
VisualStudioVersion = 17.4.33213.308
MinimumVisualStudioVersion = 10.0.40219.1
Project("{9A19103F-16F7-4668-BE54-9A1E7A4F7556}") = "DriverAPI", "DriverAPI.csproj", "{F11E8EBE-9A9D-463E-A01B-8A8A4452F074}"
EndProject
Global
	GlobalSection(SolutionConfigurationPlatforms) = preSolution
		Debug|Any CPU = Debug|Any CPU
		Release|Any CPU = Release|Any CPU
	EndGlobalSection
	GlobalSection(ProjectConfigurationPlatforms) = postSolution
		{F11E8EBE-9A9D-463E-A01B-8A8A4452F074}.Debug|Any CPU.ActiveCfg = Debug|Any CPU
		{F11E8EBE-9A9D-463E-A01B-8A8A4452F074}.Debug|Any CPU.Build.0 = Debug|Any CPU
		{F11E8EBE-9A9D-463E-A01B-8A8A4452F074}.Release|Any CPU.ActiveCfg = Release|Any CPU
		{F11E8EBE-9A9D-463E-A01B-8A8A4452F074}.Release|Any CPU.Build.0 = Release|Any CPU
	EndGlobalSection
	GlobalSection(SolutionProperties) = preSolution
		HideSolutionNode = FALSE
	EndGlobalSection
	GlobalSection(ExtensibilityGlobals) = postSolution
		SolutionGuid = {04DAA113-6FA6-4E72-BA27-CBAC4CC387E5}
	EndGlobalSection
EndGlobal
